
Microsoft Visual Studio Solution File, Format Version 12.00
# Visual Studio 15
VisualStudioVersion = 15.0.28010.2050
MinimumVisualStudioVersion = 10.0.40219.1
Project("{FAE04EC0-301F-11D3-BF4B-00C04F79EFBC}") = "1", "20181230\1.csproj", "{20DD0529-FA5C-4CF3-9C5E-13388CE7DA2F}"
EndProject
Project("{FAE04EC0-301F-11D3-BF4B-00C04F79EFBC}") = "2", "2\2.csproj", "{0B009B58-A23A-4C3C-80F5-B28A007211A9}"
EndProject
Project("{FAE04EC0-301F-11D3-BF4B-00C04F79EFBC}") = "3", "3\3.csproj", "{9CCB47CC-E57C-4894-8087-5102359F5511}"
EndProject
Project("{FAE04EC0-301F-11D3-BF4B-00C04F79EFBC}") = "4", "4\4.csproj", "{0D60AAC5-182F-417E-85A6-427FAC3652EA}"
EndProject
Project("{FAE04EC0-301F-11D3-BF4B-00C04F79EFBC}") = "5", "5\5.csproj", "{259A1ACF-5DE3-4928-B754-E0AE3129E969}"
EndProject
Project("{FAE04EC0-301F-11D3-BF4B-00C04F79EFBC}") = "6", "6\6.csproj", "{CC462A14-7121-4A7A-8032-FCC9515B07B2}"
EndProject
Project("{FAE04EC0-301F-11D3-BF4B-00C04F79EFBC}") = "7", "7\7.csproj", "{9FAD7805-739C-45C0-8C54-5EEB0E9DDB22}"
EndProject
Project("{FAE04EC0-301F-11D3-BF4B-00C04F79EFBC}") = "8", "8\8.csproj", "{7D2340BA-80C8-47C4-988F-038C418556EF}"
EndProject
Project("{FAE04EC0-301F-11D3-BF4B-00C04F79EFBC}") = "9", "9\9.csproj", "{0F03E8CB-215C-480B-A026-104C04AC412C}"
EndProject
Project("{FAE04EC0-301F-11D3-BF4B-00C04F79EFBC}") = "9-1", "9-1\9-1.csproj", "{83F13F5E-3F5B-4F15-A05D-62E6170AA947}"
EndProject
Global
	GlobalSection(SolutionConfigurationPlatforms) = preSolution
		Debug|Any CPU = Debug|Any CPU
		Release|Any CPU = Release|Any CPU
	EndGlobalSection
	GlobalSection(ProjectConfigurationPlatforms) = postSolution
		{20DD0529-FA5C-4CF3-9C5E-13388CE7DA2F}.Debug|Any CPU.ActiveCfg = Debug|Any CPU
		{20DD0529-FA5C-4CF3-9C5E-13388CE7DA2F}.Debug|Any CPU.Build.0 = Debug|Any CPU
		{20DD0529-FA5C-4CF3-9C5E-13388CE7DA2F}.Release|Any CPU.ActiveCfg = Release|Any CPU
		{20DD0529-FA5C-4CF3-9C5E-13388CE7DA2F}.Release|Any CPU.Build.0 = Release|Any CPU
		{0B009B58-A23A-4C3C-80F5-B28A007211A9}.Debug|Any CPU.ActiveCfg = Debug|Any CPU
		{0B009B58-A23A-4C3C-80F5-B28A007211A9}.Debug|Any CPU.Build.0 = Debug|Any CPU
		{0B009B58-A23A-4C3C-80F5-B28A007211A9}.Release|Any CPU.ActiveCfg = Release|Any CPU
		{0B009B58-A23A-4C3C-80F5-B28A007211A9}.Release|Any CPU.Build.0 = Release|Any CPU
		{9CCB47CC-E57C-4894-8087-5102359F5511}.Debug|Any CPU.ActiveCfg = Debug|Any CPU
		{9CCB47CC-E57C-4894-8087-5102359F5511}.Debug|Any CPU.Build.0 = Debug|Any CPU
		{9CCB47CC-E57C-4894-8087-5102359F5511}.Release|Any CPU.ActiveCfg = Release|Any CPU
		{9CCB47CC-E57C-4894-8087-5102359F5511}.Release|Any CPU.Build.0 = Release|Any CPU
		{0D60AAC5-182F-417E-85A6-427FAC3652EA}.Debug|Any CPU.ActiveCfg = Debug|Any CPU
		{0D60AAC5-182F-417E-85A6-427FAC3652EA}.Debug|Any CPU.Build.0 = Debug|Any CPU
		{0D60AAC5-182F-417E-85A6-427FAC3652EA}.Release|Any CPU.ActiveCfg = Release|Any CPU
		{0D60AAC5-182F-417E-85A6-427FAC3652EA}.Release|Any CPU.Build.0 = Release|Any CPU
		{259A1ACF-5DE3-4928-B754-E0AE3129E969}.Debug|Any CPU.ActiveCfg = Debug|Any CPU
		{259A1ACF-5DE3-4928-B754-E0AE3129E969}.Debug|Any CPU.Build.0 = Debug|Any CPU
		{259A1ACF-5DE3-4928-B754-E0AE3129E969}.Release|Any CPU.ActiveCfg = Release|Any CPU
		{259A1ACF-5DE3-4928-B754-E0AE3129E969}.Release|Any CPU.Build.0 = Release|Any CPU
		{CC462A14-7121-4A7A-8032-FCC9515B07B2}.Debug|Any CPU.ActiveCfg = Debug|Any CPU
		{CC462A14-7121-4A7A-8032-FCC9515B07B2}.Debug|Any CPU.Build.0 = Debug|Any CPU
		{CC462A14-7121-4A7A-8032-FCC9515B07B2}.Release|Any CPU.ActiveCfg = Release|Any CPU
		{CC462A14-7121-4A7A-8032-FCC9515B07B2}.Release|Any CPU.Build.0 = Release|Any CPU
		{9FAD7805-739C-45C0-8C54-5EEB0E9DDB22}.Debug|Any CPU.ActiveCfg = Debug|Any CPU
		{9FAD7805-739C-45C0-8C54-5EEB0E9DDB22}.Debug|Any CPU.Build.0 = Debug|Any CPU
		{9FAD7805-739C-45C0-8C54-5EEB0E9DDB22}.Release|Any CPU.ActiveCfg = Release|Any CPU
		{9FAD7805-739C-45C0-8C54-5EEB0E9DDB22}.Release|Any CPU.Build.0 = Release|Any CPU
		{7D2340BA-80C8-47C4-988F-038C418556EF}.Debug|Any CPU.ActiveCfg = Debug|Any CPU
		{7D2340BA-80C8-47C4-988F-038C418556EF}.Debug|Any CPU.Build.0 = Debug|Any CPU
		{7D2340BA-80C8-47C4-988F-038C418556EF}.Release|Any CPU.ActiveCfg = Release|Any CPU
		{7D2340BA-80C8-47C4-988F-038C418556EF}.Release|Any CPU.Build.0 = Release|Any CPU
		{0F03E8CB-215C-480B-A026-104C04AC412C}.Debug|Any CPU.ActiveCfg = Debug|Any CPU
		{0F03E8CB-215C-480B-A026-104C04AC412C}.Debug|Any CPU.Build.0 = Debug|Any CPU
		{0F03E8CB-215C-480B-A026-104C04AC412C}.Release|Any CPU.ActiveCfg = Release|Any CPU
		{0F03E8CB-215C-480B-A026-104C04AC412C}.Release|Any CPU.Build.0 = Release|Any CPU
		{83F13F5E-3F5B-4F15-A05D-62E6170AA947}.Debug|Any CPU.ActiveCfg = Debug|Any CPU
		{83F13F5E-3F5B-4F15-A05D-62E6170AA947}.Debug|Any CPU.Build.0 = Debug|Any CPU
		{83F13F5E-3F5B-4F15-A05D-62E6170AA947}.Release|Any CPU.ActiveCfg = Release|Any CPU
		{83F13F5E-3F5B-4F15-A05D-62E6170AA947}.Release|Any CPU.Build.0 = Release|Any CPU
	EndGlobalSection
	GlobalSection(SolutionProperties) = preSolution
		HideSolutionNode = FALSE
	EndGlobalSection
	GlobalSection(ExtensibilityGlobals) = postSolution
		SolutionGuid = {B683D25D-27BB-4AE6-A1CF-19EFF1E89C8E}
	EndGlobalSection
EndGlobal
